// !$*UTF8*$!
{
	archiveVersion = 1;
	classes = {
	};
	objectVersion = 56;
	objects = {

/* Begin PBXBuildFile section */
		092DDB4D28A7AAFA00CE8235 /* CryptoTrackerApp.swift in Sources */ = {isa = PBXBuildFile; fileRef = 092DDB4C28A7AAFA00CE8235 /* CryptoTrackerApp.swift */; };
		092DDB5428A7AAFB00CE8235 /* Preview Assets.xcassets in Resources */ = {isa = PBXBuildFile; fileRef = 092DDB5328A7AAFB00CE8235 /* Preview Assets.xcassets */; };
		092DDB5B28A7ABE600CE8235 /* Assets.xcassets in Resources */ = {isa = PBXBuildFile; fileRef = 092DDB5A28A7ABE600CE8235 /* Assets.xcassets */; };
		092DDB5E28A7AD3200CE8235 /* Color.swift in Sources */ = {isa = PBXBuildFile; fileRef = 092DDB5D28A7AD3200CE8235 /* Color.swift */; };
		092DDB6428A7B42C00CE8235 /* HomeView.swift in Sources */ = {isa = PBXBuildFile; fileRef = 092DDB6328A7B42C00CE8235 /* HomeView.swift */; };
		092DDB6828A7B62A00CE8235 /* CircleButtonView.swift in Sources */ = {isa = PBXBuildFile; fileRef = 092DDB6728A7B62A00CE8235 /* CircleButtonView.swift */; };
		092DDB6A28A7BA8800CE8235 /* CircleButtonAnimationView.swift in Sources */ = {isa = PBXBuildFile; fileRef = 092DDB6928A7BA8800CE8235 /* CircleButtonAnimationView.swift */; };
		092DDB6D28A7F82A00CE8235 /* CoinModel.swift in Sources */ = {isa = PBXBuildFile; fileRef = 092DDB6C28A7F82A00CE8235 /* CoinModel.swift */; };
		092DDB6F28A8018A00CE8235 /* CoinRowView.swift in Sources */ = {isa = PBXBuildFile; fileRef = 092DDB6E28A8018A00CE8235 /* CoinRowView.swift */; };
		092DDB7328A802CB00CE8235 /* PreviewProvider.swift in Sources */ = {isa = PBXBuildFile; fileRef = 092DDB7228A802CB00CE8235 /* PreviewProvider.swift */; };
		092DDB7528A8071400CE8235 /* Double.swift in Sources */ = {isa = PBXBuildFile; fileRef = 092DDB7428A8071400CE8235 /* Double.swift */; };
		092DDB7728A81E7D00CE8235 /* HomeViewModel.swift in Sources */ = {isa = PBXBuildFile; fileRef = 092DDB7628A81E7D00CE8235 /* HomeViewModel.swift */; };
		09A7D6C328A8CF3000A305CA /* CoinDataService.swift in Sources */ = {isa = PBXBuildFile; fileRef = 09A7D6C228A8CF3000A305CA /* CoinDataService.swift */; };
		09A7D6C628A93D4800A305CA /* NetworkingManager.swift in Sources */ = {isa = PBXBuildFile; fileRef = 09A7D6C528A93D4800A305CA /* NetworkingManager.swift */; };
		09A7D6C928A94AB500A305CA /* CoinImageView.swift in Sources */ = {isa = PBXBuildFile; fileRef = 09A7D6C828A94AB500A305CA /* CoinImageView.swift */; };
		09A7D6CB28A94BC600A305CA /* CoinImageService.swift in Sources */ = {isa = PBXBuildFile; fileRef = 09A7D6CA28A94BC600A305CA /* CoinImageService.swift */; };
		09A7D6CD28A94D1800A305CA /* CoinImageViewModel.swift in Sources */ = {isa = PBXBuildFile; fileRef = 09A7D6CC28A94D1800A305CA /* CoinImageViewModel.swift */; };
		09A7E54B28AEAAE60064F686 /* LocalFileManager.swift in Sources */ = {isa = PBXBuildFile; fileRef = 09A7E54A28AEAAE60064F686 /* LocalFileManager.swift */; };
/* End PBXBuildFile section */

/* Begin PBXFileReference section */
		092DDB4928A7AAFA00CE8235 /* CryptoTracker.app */ = {isa = PBXFileReference; explicitFileType = wrapper.application; includeInIndex = 0; path = CryptoTracker.app; sourceTree = BUILT_PRODUCTS_DIR; };
		092DDB4C28A7AAFA00CE8235 /* CryptoTrackerApp.swift */ = {isa = PBXFileReference; lastKnownFileType = sourcecode.swift; path = CryptoTrackerApp.swift; sourceTree = "<group>"; };
		092DDB5328A7AAFB00CE8235 /* Preview Assets.xcassets */ = {isa = PBXFileReference; lastKnownFileType = folder.assetcatalog; path = "Preview Assets.xcassets"; sourceTree = "<group>"; };
		092DDB5A28A7ABE600CE8235 /* Assets.xcassets */ = {isa = PBXFileReference; lastKnownFileType = folder.assetcatalog; name = Assets.xcassets; path = ../../../../../../Downloads/Resources/Assets.xcassets; sourceTree = "<group>"; };
		092DDB5D28A7AD3200CE8235 /* Color.swift */ = {isa = PBXFileReference; lastKnownFileType = sourcecode.swift; path = Color.swift; sourceTree = "<group>"; };
		092DDB6328A7B42C00CE8235 /* HomeView.swift */ = {isa = PBXFileReference; lastKnownFileType = sourcecode.swift; path = HomeView.swift; sourceTree = "<group>"; };
		092DDB6728A7B62A00CE8235 /* CircleButtonView.swift */ = {isa = PBXFileReference; lastKnownFileType = sourcecode.swift; path = CircleButtonView.swift; sourceTree = "<group>"; };
		092DDB6928A7BA8800CE8235 /* CircleButtonAnimationView.swift */ = {isa = PBXFileReference; lastKnownFileType = sourcecode.swift; path = CircleButtonAnimationView.swift; sourceTree = "<group>"; };
		092DDB6C28A7F82A00CE8235 /* CoinModel.swift */ = {isa = PBXFileReference; lastKnownFileType = sourcecode.swift; path = CoinModel.swift; sourceTree = "<group>"; };
		092DDB6E28A8018A00CE8235 /* CoinRowView.swift */ = {isa = PBXFileReference; lastKnownFileType = sourcecode.swift; path = CoinRowView.swift; sourceTree = "<group>"; };
		092DDB7228A802CB00CE8235 /* PreviewProvider.swift */ = {isa = PBXFileReference; fileEncoding = 4; lastKnownFileType = sourcecode.swift; path = PreviewProvider.swift; sourceTree = "<group>"; };
		092DDB7428A8071400CE8235 /* Double.swift */ = {isa = PBXFileReference; fileEncoding = 4; lastKnownFileType = sourcecode.swift; path = Double.swift; sourceTree = "<group>"; };
		092DDB7628A81E7D00CE8235 /* HomeViewModel.swift */ = {isa = PBXFileReference; lastKnownFileType = sourcecode.swift; path = HomeViewModel.swift; sourceTree = "<group>"; };
		09A7D6C228A8CF3000A305CA /* CoinDataService.swift */ = {isa = PBXFileReference; lastKnownFileType = sourcecode.swift; path = CoinDataService.swift; sourceTree = "<group>"; };
		09A7D6C528A93D4800A305CA /* NetworkingManager.swift */ = {isa = PBXFileReference; lastKnownFileType = sourcecode.swift; path = NetworkingManager.swift; sourceTree = "<group>"; };
		09A7D6C828A94AB500A305CA /* CoinImageView.swift */ = {isa = PBXFileReference; lastKnownFileType = sourcecode.swift; path = CoinImageView.swift; sourceTree = "<group>"; };
		09A7D6CA28A94BC600A305CA /* CoinImageService.swift */ = {isa = PBXFileReference; lastKnownFileType = sourcecode.swift; path = CoinImageService.swift; sourceTree = "<group>"; };
		09A7D6CC28A94D1800A305CA /* CoinImageViewModel.swift */ = {isa = PBXFileReference; lastKnownFileType = sourcecode.swift; path = CoinImageViewModel.swift; sourceTree = "<group>"; };
		09A7E54A28AEAAE60064F686 /* LocalFileManager.swift */ = {isa = PBXFileReference; lastKnownFileType = sourcecode.swift; path = LocalFileManager.swift; sourceTree = "<group>"; };
/* End PBXFileReference section */

/* Begin PBXFrameworksBuildPhase section */
		092DDB4628A7AAFA00CE8235 /* Frameworks */ = {
			isa = PBXFrameworksBuildPhase;
			buildActionMask = 2147483647;
			files = (
			);
			runOnlyForDeploymentPostprocessing = 0;
		};
/* End PBXFrameworksBuildPhase section */

/* Begin PBXGroup section */
		092DDB4028A7AAFA00CE8235 = {
			isa = PBXGroup;
			children = (
				092DDB4B28A7AAFA00CE8235 /* CryptoTracker */,
				092DDB4A28A7AAFA00CE8235 /* Products */,
			);
			sourceTree = "<group>";
		};
		092DDB4A28A7AAFA00CE8235 /* Products */ = {
			isa = PBXGroup;
			children = (
				092DDB4928A7AAFA00CE8235 /* CryptoTracker.app */,
			);
			name = Products;
			sourceTree = "<group>";
		};
		092DDB4B28A7AAFA00CE8235 /* CryptoTracker */ = {
			isa = PBXGroup;
			children = (
				092DDB4C28A7AAFA00CE8235 /* CryptoTrackerApp.swift */,
				09A7D6C428A93D0F00A305CA /* Utilities */,
				092DDB5C28A7AD2400CE8235 /* Extensions */,
				09A7D6C128A8CF0500A305CA /* Services */,
				092DDB6B28A7F7F200CE8235 /* Model */,
				092DDB5F28A7B3EC00CE8235 /* Core */,
				092DDB5A28A7ABE600CE8235 /* Assets.xcassets */,
				092DDB5228A7AAFB00CE8235 /* Preview Content */,
			);
			path = CryptoTracker;
			sourceTree = "<group>";
		};
		092DDB5228A7AAFB00CE8235 /* Preview Content */ = {
			isa = PBXGroup;
			children = (
				092DDB5328A7AAFB00CE8235 /* Preview Assets.xcassets */,
			);
			path = "Preview Content";
			sourceTree = "<group>";
		};
		092DDB5C28A7AD2400CE8235 /* Extensions */ = {
			isa = PBXGroup;
			children = (
				092DDB5D28A7AD3200CE8235 /* Color.swift */,
				092DDB7228A802CB00CE8235 /* PreviewProvider.swift */,
				092DDB7428A8071400CE8235 /* Double.swift */,
			);
			path = Extensions;
			sourceTree = "<group>";
		};
		092DDB5F28A7B3EC00CE8235 /* Core */ = {
			isa = PBXGroup;
			children = (
				092DDB6528A7B60C00CE8235 /* Components */,
				092DDB6028A7B3F900CE8235 /* Home */,
			);
			path = Core;
			sourceTree = "<group>";
		};
		092DDB6028A7B3F900CE8235 /* Home */ = {
			isa = PBXGroup;
			children = (
				092DDB6228A7B41600CE8235 /* ViewModels */,
				092DDB6128A7B40A00CE8235 /* Views */,
			);
			path = Home;
			sourceTree = "<group>";
		};
		092DDB6128A7B40A00CE8235 /* Views */ = {
			isa = PBXGroup;
			children = (
				092DDB6328A7B42C00CE8235 /* HomeView.swift */,
				092DDB6E28A8018A00CE8235 /* CoinRowView.swift */,
			);
			path = Views;
			sourceTree = "<group>";
		};
		092DDB6228A7B41600CE8235 /* ViewModels */ = {
			isa = PBXGroup;
			children = (
				092DDB7628A81E7D00CE8235 /* HomeViewModel.swift */,
			);
			path = ViewModels;
			sourceTree = "<group>";
		};
		092DDB6528A7B60C00CE8235 /* Components */ = {
			isa = PBXGroup;
			children = (
				09A7D6C728A94AA700A305CA /* CoinImage */,
				092DDB6628A7B61F00CE8235 /* CircleButton */,
			);
			path = Components;
			sourceTree = "<group>";
		};
		092DDB6628A7B61F00CE8235 /* CircleButton */ = {
			isa = PBXGroup;
			children = (
				092DDB6728A7B62A00CE8235 /* CircleButtonView.swift */,
				092DDB6928A7BA8800CE8235 /* CircleButtonAnimationView.swift */,
			);
			path = CircleButton;
			sourceTree = "<group>";
		};
		092DDB6B28A7F7F200CE8235 /* Model */ = {
			isa = PBXGroup;
			children = (
				092DDB6C28A7F82A00CE8235 /* CoinModel.swift */,
			);
			path = Model;
			sourceTree = "<group>";
		};
		09A7D6C128A8CF0500A305CA /* Services */ = {
			isa = PBXGroup;
			children = (
				09A7D6C228A8CF3000A305CA /* CoinDataService.swift */,
				09A7D6CA28A94BC600A305CA /* CoinImageService.swift */,
			);
			path = Services;
			sourceTree = "<group>";
		};
		09A7D6C428A93D0F00A305CA /* Utilities */ = {
			isa = PBXGroup;
			children = (
				09A7D6C528A93D4800A305CA /* NetworkingManager.swift */,
				09A7E54A28AEAAE60064F686 /* LocalFileManager.swift */,
			);
			path = Utilities;
			sourceTree = "<group>";
		};
		09A7D6C728A94AA700A305CA /* CoinImage */ = {
			isa = PBXGroup;
			children = (
				09A7D6C828A94AB500A305CA /* CoinImageView.swift */,
				09A7D6CC28A94D1800A305CA /* CoinImageViewModel.swift */,
			);
			path = CoinImage;
			sourceTree = "<group>";
		};
/* End PBXGroup section */

/* Begin PBXNativeTarget section */
		092DDB4828A7AAFA00CE8235 /* CryptoTracker */ = {
			isa = PBXNativeTarget;
			buildConfigurationList = 092DDB5728A7AAFB00CE8235 /* Build configuration list for PBXNativeTarget "CryptoTracker" */;
			buildPhases = (
				092DDB4528A7AAFA00CE8235 /* Sources */,
				092DDB4628A7AAFA00CE8235 /* Frameworks */,
				092DDB4728A7AAFA00CE8235 /* Resources */,
			);
			buildRules = (
			);
			dependencies = (
			);
			name = CryptoTracker;
			productName = CryptoTracker;
			productReference = 092DDB4928A7AAFA00CE8235 /* CryptoTracker.app */;
			productType = "com.apple.product-type.application";
		};
/* End PBXNativeTarget section */

/* Begin PBXProject section */
		092DDB4128A7AAFA00CE8235 /* Project object */ = {
			isa = PBXProject;
			attributes = {
				BuildIndependentTargetsInParallel = 1;
				LastSwiftUpdateCheck = 1400;
				LastUpgradeCheck = 1400;
				TargetAttributes = {
					092DDB4828A7AAFA00CE8235 = {
						CreatedOnToolsVersion = 14.0;
					};
				};
			};
			buildConfigurationList = 092DDB4428A7AAFA00CE8235 /* Build configuration list for PBXProject "CryptoTracker" */;
			compatibilityVersion = "Xcode 14.0";
			developmentRegion = en;
			hasScannedForEncodings = 0;
			knownRegions = (
				en,
				Base,
			);
			mainGroup = 092DDB4028A7AAFA00CE8235;
			productRefGroup = 092DDB4A28A7AAFA00CE8235 /* Products */;
			projectDirPath = "";
			projectRoot = "";
			targets = (
				092DDB4828A7AAFA00CE8235 /* CryptoTracker */,
			);
		};
/* End PBXProject section */

/* Begin PBXResourcesBuildPhase section */
		092DDB4728A7AAFA00CE8235 /* Resources */ = {
			isa = PBXResourcesBuildPhase;
			buildActionMask = 2147483647;
			files = (
				092DDB5428A7AAFB00CE8235 /* Preview Assets.xcassets in Resources */,
				092DDB5B28A7ABE600CE8235 /* Assets.xcassets in Resources */,
			);
			runOnlyForDeploymentPostprocessing = 0;
		};
/* End PBXResourcesBuildPhase section */

/* Begin PBXSourcesBuildPhase section */
		092DDB4528A7AAFA00CE8235 /* Sources */ = {
			isa = PBXSourcesBuildPhase;
			buildActionMask = 2147483647;
			files = (
				09A7D6CD28A94D1800A305CA /* CoinImageViewModel.swift in Sources */,
				09A7D6C928A94AB500A305CA /* CoinImageView.swift in Sources */,
				09A7D6C328A8CF3000A305CA /* CoinDataService.swift in Sources */,
				092DDB6F28A8018A00CE8235 /* CoinRowView.swift in Sources */,
				092DDB7728A81E7D00CE8235 /* HomeViewModel.swift in Sources */,
				092DDB6428A7B42C00CE8235 /* HomeView.swift in Sources */,
				092DDB4D28A7AAFA00CE8235 /* CryptoTrackerApp.swift in Sources */,
				09A7E54B28AEAAE60064F686 /* LocalFileManager.swift in Sources */,
				092DDB6828A7B62A00CE8235 /* CircleButtonView.swift in Sources */,
				092DDB5E28A7AD3200CE8235 /* Color.swift in Sources */,
				092DDB6A28A7BA8800CE8235 /* CircleButtonAnimationView.swift in Sources */,
				092DDB7328A802CB00CE8235 /* PreviewProvider.swift in Sources */,
				09A7D6C628A93D4800A305CA /* NetworkingManager.swift in Sources */,
				092DDB7528A8071400CE8235 /* Double.swift in Sources */,
				09A7D6CB28A94BC600A305CA /* CoinImageService.swift in Sources */,
				092DDB6D28A7F82A00CE8235 /* CoinModel.swift in Sources */,
			);
			runOnlyForDeploymentPostprocessing = 0;
		};
/* End PBXSourcesBuildPhase section */

/* Begin XCBuildConfiguration section */
		092DDB5528A7AAFB00CE8235 /* Debug */ = {
			isa = XCBuildConfiguration;
			buildSettings = {
				ALWAYS_SEARCH_USER_PATHS = NO;
				CLANG_ANALYZER_NONNULL = YES;
				CLANG_ANALYZER_NUMBER_OBJECT_CONVERSION = YES_AGGRESSIVE;
				CLANG_CXX_LANGUAGE_STANDARD = "gnu++17";
				CLANG_ENABLE_MODULES = YES;
				CLANG_ENABLE_OBJC_ARC = YES;
				CLANG_ENABLE_OBJC_WEAK = YES;
				CLANG_WARN_BLOCK_CAPTURE_AUTORELEASING = YES;
				CLANG_WARN_BOOL_CONVERSION = YES;
				CLANG_WARN_COMMA = YES;
				CLANG_WARN_CONSTANT_CONVERSION = YES;
				CLANG_WARN_DEPRECATED_OBJC_IMPLEMENTATIONS = YES;
				CLANG_WARN_DIRECT_OBJC_ISA_USAGE = YES_ERROR;
				CLANG_WARN_DOCUMENTATION_COMMENTS = YES;
				CLANG_WARN_EMPTY_BODY = YES;
				CLANG_WARN_ENUM_CONVERSION = YES;
				CLANG_WARN_INFINITE_RECURSION = YES;
				CLANG_WARN_INT_CONVERSION = YES;
				CLANG_WARN_NON_LITERAL_NULL_CONVERSION = YES;
				CLANG_WARN_OBJC_IMPLICIT_RETAIN_SELF = YES;
				CLANG_WARN_OBJC_LITERAL_CONVERSION = YES;
				CLANG_WARN_OBJC_ROOT_CLASS = YES_ERROR;
				CLANG_WARN_QUOTED_INCLUDE_IN_FRAMEWORK_HEADER = YES;
				CLANG_WARN_RANGE_LOOP_ANALYSIS = YES;
				CLANG_WARN_STRICT_PROTOTYPES = YES;
				CLANG_WARN_SUSPICIOUS_MOVE = YES;
				CLANG_WARN_UNGUARDED_AVAILABILITY = YES_AGGRESSIVE;
				CLANG_WARN_UNREACHABLE_CODE = YES;
				CLANG_WARN__DUPLICATE_METHOD_MATCH = YES;
				COPY_PHASE_STRIP = NO;
				DEBUG_INFORMATION_FORMAT = dwarf;
				ENABLE_STRICT_OBJC_MSGSEND = YES;
				ENABLE_TESTABILITY = YES;
				GCC_C_LANGUAGE_STANDARD = gnu11;
				GCC_DYNAMIC_NO_PIC = NO;
				GCC_NO_COMMON_BLOCKS = YES;
				GCC_OPTIMIZATION_LEVEL = 0;
				GCC_PREPROCESSOR_DEFINITIONS = (
					"DEBUG=1",
					"$(inherited)",
				);
				GCC_WARN_64_TO_32_BIT_CONVERSION = YES;
				GCC_WARN_ABOUT_RETURN_TYPE = YES_ERROR;
				GCC_WARN_UNDECLARED_SELECTOR = YES;
				GCC_WARN_UNINITIALIZED_AUTOS = YES_AGGRESSIVE;
				GCC_WARN_UNUSED_FUNCTION = YES;
				GCC_WARN_UNUSED_VARIABLE = YES;
				IPHONEOS_DEPLOYMENT_TARGET = 16.0;
				MTL_ENABLE_DEBUG_INFO = INCLUDE_SOURCE;
				MTL_FAST_MATH = YES;
				ONLY_ACTIVE_ARCH = YES;
				SDKROOT = iphoneos;
				SWIFT_ACTIVE_COMPILATION_CONDITIONS = DEBUG;
				SWIFT_OPTIMIZATION_LEVEL = "-Onone";
			};
			name = Debug;
		};
		092DDB5628A7AAFB00CE8235 /* Release */ = {
			isa = XCBuildConfiguration;
			buildSettings = {
				ALWAYS_SEARCH_USER_PATHS = NO;
				CLANG_ANALYZER_NONNULL = YES;
				CLANG_ANALYZER_NUMBER_OBJECT_CONVERSION = YES_AGGRESSIVE;
				CLANG_CXX_LANGUAGE_STANDARD = "gnu++17";
				CLANG_ENABLE_MODULES = YES;
				CLANG_ENABLE_OBJC_ARC = YES;
				CLANG_ENABLE_OBJC_WEAK = YES;
				CLANG_WARN_BLOCK_CAPTURE_AUTORELEASING = YES;
				CLANG_WARN_BOOL_CONVERSION = YES;
				CLANG_WARN_COMMA = YES;
				CLANG_WARN_CONSTANT_CONVERSION = YES;
				CLANG_WARN_DEPRECATED_OBJC_IMPLEMENTATIONS = YES;
				CLANG_WARN_DIRECT_OBJC_ISA_USAGE = YES_ERROR;
				CLANG_WARN_DOCUMENTATION_COMMENTS = YES;
				CLANG_WARN_EMPTY_BODY = YES;
				CLANG_WARN_ENUM_CONVERSION = YES;
				CLANG_WARN_INFINITE_RECURSION = YES;
				CLANG_WARN_INT_CONVERSION = YES;
				CLANG_WARN_NON_LITERAL_NULL_CONVERSION = YES;
				CLANG_WARN_OBJC_IMPLICIT_RETAIN_SELF = YES;
				CLANG_WARN_OBJC_LITERAL_CONVERSION = YES;
				CLANG_WARN_OBJC_ROOT_CLASS = YES_ERROR;
				CLANG_WARN_QUOTED_INCLUDE_IN_FRAMEWORK_HEADER = YES;
				CLANG_WARN_RANGE_LOOP_ANALYSIS = YES;
				CLANG_WARN_STRICT_PROTOTYPES = YES;
				CLANG_WARN_SUSPICIOUS_MOVE = YES;
				CLANG_WARN_UNGUARDED_AVAILABILITY = YES_AGGRESSIVE;
				CLANG_WARN_UNREACHABLE_CODE = YES;
				CLANG_WARN__DUPLICATE_METHOD_MATCH = YES;
				COPY_PHASE_STRIP = NO;
				DEBUG_INFORMATION_FORMAT = "dwarf-with-dsym";
				ENABLE_NS_ASSERTIONS = NO;
				ENABLE_STRICT_OBJC_MSGSEND = YES;
				GCC_C_LANGUAGE_STANDARD = gnu11;
				GCC_NO_COMMON_BLOCKS = YES;
				GCC_WARN_64_TO_32_BIT_CONVERSION = YES;
				GCC_WARN_ABOUT_RETURN_TYPE = YES_ERROR;
				GCC_WARN_UNDECLARED_SELECTOR = YES;
				GCC_WARN_UNINITIALIZED_AUTOS = YES_AGGRESSIVE;
				GCC_WARN_UNUSED_FUNCTION = YES;
				GCC_WARN_UNUSED_VARIABLE = YES;
				IPHONEOS_DEPLOYMENT_TARGET = 16.0;
				MTL_ENABLE_DEBUG_INFO = NO;
				MTL_FAST_MATH = YES;
				SDKROOT = iphoneos;
				SWIFT_COMPILATION_MODE = wholemodule;
				SWIFT_OPTIMIZATION_LEVEL = "-O";
				VALIDATE_PRODUCT = YES;
			};
			name = Release;
		};
		092DDB5828A7AAFB00CE8235 /* Debug */ = {
			isa = XCBuildConfiguration;
			buildSettings = {
				ASSETCATALOG_COMPILER_APPICON_NAME = AppIcon;
				ASSETCATALOG_COMPILER_GLOBAL_ACCENT_COLOR_NAME = AccentColor;
				CODE_SIGN_STYLE = Automatic;
				CURRENT_PROJECT_VERSION = 1;
				DEVELOPMENT_ASSET_PATHS = "\"CryptoTracker/Preview Content\"";
				DEVELOPMENT_TEAM = 878Q47ZQ84;
				ENABLE_PREVIEWS = YES;
				GENERATE_INFOPLIST_FILE = YES;
				INFOPLIST_KEY_CFBundleDisplayName = CryptoTracker;
				INFOPLIST_KEY_LSApplicationCategoryType = "public.app-category.finance";
				INFOPLIST_KEY_UIApplicationSceneManifest_Generation = YES;
				INFOPLIST_KEY_UIApplicationSupportsIndirectInputEvents = YES;
				INFOPLIST_KEY_UILaunchScreen_Generation = YES;
				INFOPLIST_KEY_UISupportedInterfaceOrientations = UIInterfaceOrientationPortrait;
				LD_RUNPATH_SEARCH_PATHS = (
					"$(inherited)",
					"@executable_path/Frameworks",
				);
				MARKETING_VERSION = 1.0;
				PRODUCT_BUNDLE_IDENTIFIER = com.robertbasamac.CryptoTracker;
				PRODUCT_NAME = "$(TARGET_NAME)";
				SWIFT_EMIT_LOC_STRINGS = YES;
				SWIFT_VERSION = 5.0;
				TARGETED_DEVICE_FAMILY = "1,2";
			};
			name = Debug;
		};
		092DDB5928A7AAFB00CE8235 /* Release */ = {
			isa = XCBuildConfiguration;
			buildSettings = {
				ASSETCATALOG_COMPILER_APPICON_NAME = AppIcon;
				ASSETCATALOG_COMPILER_GLOBAL_ACCENT_COLOR_NAME = AccentColor;
				CODE_SIGN_STYLE = Automatic;
				CURRENT_PROJECT_VERSION = 1;
				DEVELOPMENT_ASSET_PATHS = "\"CryptoTracker/Preview Content\"";
				DEVELOPMENT_TEAM = 878Q47ZQ84;
				ENABLE_PREVIEWS = YES;
				GENERATE_INFOPLIST_FILE = YES;
				INFOPLIST_KEY_CFBundleDisplayName = CryptoTracker;
				INFOPLIST_KEY_LSApplicationCategoryType = "public.app-category.finance";
				INFOPLIST_KEY_UIApplicationSceneManifest_Generation = YES;
				INFOPLIST_KEY_UIApplicationSupportsIndirectInputEvents = YES;
				INFOPLIST_KEY_UILaunchScreen_Generation = YES;
				INFOPLIST_KEY_UISupportedInterfaceOrientations = UIInterfaceOrientationPortrait;
				LD_RUNPATH_SEARCH_PATHS = (
					"$(inherited)",
					"@executable_path/Frameworks",
				);
				MARKETING_VERSION = 1.0;
				PRODUCT_BUNDLE_IDENTIFIER = com.robertbasamac.CryptoTracker;
				PRODUCT_NAME = "$(TARGET_NAME)";
				SWIFT_EMIT_LOC_STRINGS = YES;
				SWIFT_VERSION = 5.0;
				TARGETED_DEVICE_FAMILY = "1,2";
			};
			name = Release;
		};
/* End XCBuildConfiguration section */

/* Begin XCConfigurationList section */
		092DDB4428A7AAFA00CE8235 /* Build configuration list for PBXProject "CryptoTracker" */ = {
			isa = XCConfigurationList;
			buildConfigurations = (
				092DDB5528A7AAFB00CE8235 /* Debug */,
				092DDB5628A7AAFB00CE8235 /* Release */,
			);
			defaultConfigurationIsVisible = 0;
			defaultConfigurationName = Release;
		};
		092DDB5728A7AAFB00CE8235 /* Build configuration list for PBXNativeTarget "CryptoTracker" */ = {
			isa = XCConfigurationList;
			buildConfigurations = (
				092DDB5828A7AAFB00CE8235 /* Debug */,
				092DDB5928A7AAFB00CE8235 /* Release */,
			);
			defaultConfigurationIsVisible = 0;
			defaultConfigurationName = Release;
		};
/* End XCConfigurationList section */
	};
	rootObject = 092DDB4128A7AAFA00CE8235 /* Project object */;
}
